// !$*UTF8*$!
{
	archiveVersion = 1;
	classes = {
	};
	objectVersion = 56;
	objects = {

/* Begin PBXBuildFile section */
		B113605E28E9068A00493703 /* URLSessionHTTPClientTests.swift in Sources */ = {isa = PBXBuildFile; fileRef = B113605D28E9068A00493703 /* URLSessionHTTPClientTests.swift */; };
		B113606028EB003700493703 /* XCTestCase+memoryLeakChecker.swift in Sources */ = {isa = PBXBuildFile; fileRef = B113605F28EB003700493703 /* XCTestCase+memoryLeakChecker.swift */; };
		B113606228EB121400493703 /* URLSessionHTTPClient.swift in Sources */ = {isa = PBXBuildFile; fileRef = B113606128EB121400493703 /* URLSessionHTTPClient.swift */; };
		B113606A28ED160A00493703 /* EssentialFeedEndToEndTests.swift in Sources */ = {isa = PBXBuildFile; fileRef = B113606928ED160A00493703 /* EssentialFeedEndToEndTests.swift */; };
		B113606B28ED160A00493703 /* EssentialFeed.framework in Frameworks */ = {isa = PBXBuildFile; fileRef = B11D558328E3B2AF0046A4CA /* EssentialFeed.framework */; };
		B113607128ED1D9200493703 /* XCTestCase+memoryLeakChecker.swift in Sources */ = {isa = PBXBuildFile; fileRef = B113605F28EB003700493703 /* XCTestCase+memoryLeakChecker.swift */; };
		B113607628F206C400493703 /* CacheFeedUseCaseTest.swift in Sources */ = {isa = PBXBuildFile; fileRef = B113607528F206C400493703 /* CacheFeedUseCaseTest.swift */; };
		B113607828F2237700493703 /* XCTestCase+makeAnyNSError.swift in Sources */ = {isa = PBXBuildFile; fileRef = B113607728F2237700493703 /* XCTestCase+makeAnyNSError.swift */; };
		B11D558828E3B2AF0046A4CA /* EssentialFeed.docc in Sources */ = {isa = PBXBuildFile; fileRef = B11D558728E3B2AF0046A4CA /* EssentialFeed.docc */; };
		B11D558E28E3B2AF0046A4CA /* EssentialFeed.framework in Frameworks */ = {isa = PBXBuildFile; fileRef = B11D558328E3B2AF0046A4CA /* EssentialFeed.framework */; };
		B11D559328E3B2AF0046A4CA /* EssentialFeedTests.swift in Sources */ = {isa = PBXBuildFile; fileRef = B11D559228E3B2AF0046A4CA /* EssentialFeedTests.swift */; };
		B11D559428E3B2AF0046A4CA /* EssentialFeed.h in Headers */ = {isa = PBXBuildFile; fileRef = B11D558628E3B2AF0046A4CA /* EssentialFeed.h */; settings = {ATTRIBUTES = (Public, ); }; };
		B11D559E28E3B2C50046A4CA /* FeedItem.swift in Sources */ = {isa = PBXBuildFile; fileRef = B11D559D28E3B2C50046A4CA /* FeedItem.swift */; };
		B11D55A028E3B3C80046A4CA /* IFeedLoader.swift in Sources */ = {isa = PBXBuildFile; fileRef = B11D559F28E3B3C80046A4CA /* IFeedLoader.swift */; };
		B11D55A228E3B43A0046A4CA /* FeedResult.swift in Sources */ = {isa = PBXBuildFile; fileRef = B11D55A128E3B43A0046A4CA /* FeedResult.swift */; };
		B11D55A528E3BC2E0046A4CA /* RemoteFeedLoaderTests.swift in Sources */ = {isa = PBXBuildFile; fileRef = B11D55A428E3BC2E0046A4CA /* RemoteFeedLoaderTests.swift */; };
		B11D55A828E3C4120046A4CA /* RemoteFeedLoader.swift in Sources */ = {isa = PBXBuildFile; fileRef = B11D55A728E3C4120046A4CA /* RemoteFeedLoader.swift */; };
		B11D55AA28E3C4210046A4CA /* HTTPClient.swift in Sources */ = {isa = PBXBuildFile; fileRef = B11D55A928E3C4210046A4CA /* HTTPClient.swift */; };
		B11D55AC28E4EA250046A4CA /* HTTPClientResult.swift in Sources */ = {isa = PBXBuildFile; fileRef = B11D55AB28E4EA250046A4CA /* HTTPClientResult.swift */; };
		B11D55AE28E667640046A4CA /* FeedItemsMapper.swift in Sources */ = {isa = PBXBuildFile; fileRef = B11D55AD28E667640046A4CA /* FeedItemsMapper.swift */; };
/* End PBXBuildFile section */

/* Begin PBXContainerItemProxy section */
		B113606C28ED160A00493703 /* PBXContainerItemProxy */ = {
			isa = PBXContainerItemProxy;
			containerPortal = B11D557A28E3B2AF0046A4CA /* Project object */;
			proxyType = 1;
			remoteGlobalIDString = B11D558228E3B2AF0046A4CA;
			remoteInfo = EssentialFeed;
		};
		B11D558F28E3B2AF0046A4CA /* PBXContainerItemProxy */ = {
			isa = PBXContainerItemProxy;
			containerPortal = B11D557A28E3B2AF0046A4CA /* Project object */;
			proxyType = 1;
			remoteGlobalIDString = B11D558228E3B2AF0046A4CA;
			remoteInfo = EssentialFeed;
		};
/* End PBXContainerItemProxy section */

/* Begin PBXFileReference section */
		B113605D28E9068A00493703 /* URLSessionHTTPClientTests.swift */ = {isa = PBXFileReference; lastKnownFileType = sourcecode.swift; path = URLSessionHTTPClientTests.swift; sourceTree = "<group>"; };
		B113605F28EB003700493703 /* XCTestCase+memoryLeakChecker.swift */ = {isa = PBXFileReference; lastKnownFileType = sourcecode.swift; path = "XCTestCase+memoryLeakChecker.swift"; sourceTree = "<group>"; };
		B113606128EB121400493703 /* URLSessionHTTPClient.swift */ = {isa = PBXFileReference; lastKnownFileType = sourcecode.swift; path = URLSessionHTTPClient.swift; sourceTree = "<group>"; };
		B113606728ED160A00493703 /* EssentialFeedEndToEndTests.xctest */ = {isa = PBXFileReference; explicitFileType = wrapper.cfbundle; includeInIndex = 0; path = EssentialFeedEndToEndTests.xctest; sourceTree = BUILT_PRODUCTS_DIR; };
		B113606928ED160A00493703 /* EssentialFeedEndToEndTests.swift */ = {isa = PBXFileReference; lastKnownFileType = sourcecode.swift; path = EssentialFeedEndToEndTests.swift; sourceTree = "<group>"; };
		B113607528F206C400493703 /* CacheFeedUseCaseTest.swift */ = {isa = PBXFileReference; lastKnownFileType = sourcecode.swift; path = CacheFeedUseCaseTest.swift; sourceTree = "<group>"; };
		B113607728F2237700493703 /* XCTestCase+makeAnyNSError.swift */ = {isa = PBXFileReference; lastKnownFileType = sourcecode.swift; path = "XCTestCase+makeAnyNSError.swift"; sourceTree = "<group>"; };
		B11D558328E3B2AF0046A4CA /* EssentialFeed.framework */ = {isa = PBXFileReference; explicitFileType = wrapper.framework; includeInIndex = 0; path = EssentialFeed.framework; sourceTree = BUILT_PRODUCTS_DIR; };
		B11D558628E3B2AF0046A4CA /* EssentialFeed.h */ = {isa = PBXFileReference; lastKnownFileType = sourcecode.c.h; path = EssentialFeed.h; sourceTree = "<group>"; };
		B11D558728E3B2AF0046A4CA /* EssentialFeed.docc */ = {isa = PBXFileReference; lastKnownFileType = folder.documentationcatalog; path = EssentialFeed.docc; sourceTree = "<group>"; };
		B11D558D28E3B2AF0046A4CA /* EssentialFeedTests.xctest */ = {isa = PBXFileReference; explicitFileType = wrapper.cfbundle; includeInIndex = 0; path = EssentialFeedTests.xctest; sourceTree = BUILT_PRODUCTS_DIR; };
		B11D559228E3B2AF0046A4CA /* EssentialFeedTests.swift */ = {isa = PBXFileReference; lastKnownFileType = sourcecode.swift; path = EssentialFeedTests.swift; sourceTree = "<group>"; };
		B11D559D28E3B2C50046A4CA /* FeedItem.swift */ = {isa = PBXFileReference; lastKnownFileType = sourcecode.swift; path = FeedItem.swift; sourceTree = "<group>"; };
		B11D559F28E3B3C80046A4CA /* IFeedLoader.swift */ = {isa = PBXFileReference; lastKnownFileType = sourcecode.swift; path = IFeedLoader.swift; sourceTree = "<group>"; };
		B11D55A128E3B43A0046A4CA /* FeedResult.swift */ = {isa = PBXFileReference; lastKnownFileType = sourcecode.swift; path = FeedResult.swift; sourceTree = "<group>"; };
		B11D55A428E3BC2E0046A4CA /* RemoteFeedLoaderTests.swift */ = {isa = PBXFileReference; lastKnownFileType = sourcecode.swift; path = RemoteFeedLoaderTests.swift; sourceTree = "<group>"; };
		B11D55A728E3C4120046A4CA /* RemoteFeedLoader.swift */ = {isa = PBXFileReference; lastKnownFileType = sourcecode.swift; path = RemoteFeedLoader.swift; sourceTree = "<group>"; };
		B11D55A928E3C4210046A4CA /* HTTPClient.swift */ = {isa = PBXFileReference; lastKnownFileType = sourcecode.swift; path = HTTPClient.swift; sourceTree = "<group>"; };
		B11D55AB28E4EA250046A4CA /* HTTPClientResult.swift */ = {isa = PBXFileReference; lastKnownFileType = sourcecode.swift; path = HTTPClientResult.swift; sourceTree = "<group>"; };
		B11D55AD28E667640046A4CA /* FeedItemsMapper.swift */ = {isa = PBXFileReference; lastKnownFileType = sourcecode.swift; path = FeedItemsMapper.swift; sourceTree = "<group>"; };
/* End PBXFileReference section */

/* Begin PBXFrameworksBuildPhase section */
		B113606428ED160A00493703 /* Frameworks */ = {
			isa = PBXFrameworksBuildPhase;
			buildActionMask = 2147483647;
			files = (
				B113606B28ED160A00493703 /* EssentialFeed.framework in Frameworks */,
			);
			runOnlyForDeploymentPostprocessing = 0;
		};
		B11D558028E3B2AF0046A4CA /* Frameworks */ = {
			isa = PBXFrameworksBuildPhase;
			buildActionMask = 2147483647;
			files = (
			);
			runOnlyForDeploymentPostprocessing = 0;
		};
		B11D558A28E3B2AF0046A4CA /* Frameworks */ = {
			isa = PBXFrameworksBuildPhase;
			buildActionMask = 2147483647;
			files = (
				B11D558E28E3B2AF0046A4CA /* EssentialFeed.framework in Frameworks */,
			);
			runOnlyForDeploymentPostprocessing = 0;
		};
/* End PBXFrameworksBuildPhase section */

/* Begin PBXGroup section */
		B113606828ED160A00493703 /* EssentialFeedEndToEndTests */ = {
			isa = PBXGroup;
			children = (
				B113606928ED160A00493703 /* EssentialFeedEndToEndTests.swift */,
			);
			path = EssentialFeedEndToEndTests;
			sourceTree = "<group>";
		};
		B113607228F2067D00493703 /* RemoteFeed */ = {
			isa = PBXGroup;
			children = (
				B11D55A428E3BC2E0046A4CA /* RemoteFeedLoaderTests.swift */,
				B113605D28E9068A00493703 /* URLSessionHTTPClientTests.swift */,
			);
			path = RemoteFeed;
			sourceTree = "<group>";
		};
		B113607328F2069A00493703 /* Commons */ = {
			isa = PBXGroup;
			children = (
				B113605F28EB003700493703 /* XCTestCase+memoryLeakChecker.swift */,
				B113607728F2237700493703 /* XCTestCase+makeAnyNSError.swift */,
			);
			path = Commons;
			sourceTree = "<group>";
		};
		B113607428F206AB00493703 /* LocalFeed */ = {
			isa = PBXGroup;
			children = (
				B113607528F206C400493703 /* CacheFeedUseCaseTest.swift */,
			);
			path = LocalFeed;
			sourceTree = "<group>";
		};
		B11D557928E3B2AF0046A4CA = {
			isa = PBXGroup;
			children = (
				B11D558528E3B2AF0046A4CA /* EssentialFeed */,
				B11D559128E3B2AF0046A4CA /* EssentialFeedTests */,
				B113606828ED160A00493703 /* EssentialFeedEndToEndTests */,
				B11D558428E3B2AF0046A4CA /* Products */,
			);
			sourceTree = "<group>";
		};
		B11D558428E3B2AF0046A4CA /* Products */ = {
			isa = PBXGroup;
			children = (
				B11D558328E3B2AF0046A4CA /* EssentialFeed.framework */,
				B11D558D28E3B2AF0046A4CA /* EssentialFeedTests.xctest */,
				B113606728ED160A00493703 /* EssentialFeedEndToEndTests.xctest */,
			);
			name = Products;
			sourceTree = "<group>";
		};
		B11D558528E3B2AF0046A4CA /* EssentialFeed */ = {
			isa = PBXGroup;
			children = (
				B11D558628E3B2AF0046A4CA /* EssentialFeed.h */,
				B11D558728E3B2AF0046A4CA /* EssentialFeed.docc */,
				B11D55A328E3B49B0046A4CA /* FeedFeature */,
				B11D55A628E3C4050046A4CA /* FeedAPI */,
			);
			path = EssentialFeed;
			sourceTree = "<group>";
		};
		B11D559128E3B2AF0046A4CA /* EssentialFeedTests */ = {
			isa = PBXGroup;
			children = (
				B11D559228E3B2AF0046A4CA /* EssentialFeedTests.swift */,
				B113607328F2069A00493703 /* Commons */,
				B113607228F2067D00493703 /* RemoteFeed */,
				B113607428F206AB00493703 /* LocalFeed */,
			);
			path = EssentialFeedTests;
			sourceTree = "<group>";
		};
		B11D55A328E3B49B0046A4CA /* FeedFeature */ = {
			isa = PBXGroup;
			children = (
				B11D559F28E3B3C80046A4CA /* IFeedLoader.swift */,
				B11D55A128E3B43A0046A4CA /* FeedResult.swift */,
				B11D559D28E3B2C50046A4CA /* FeedItem.swift */,
			);
			path = FeedFeature;
			sourceTree = "<group>";
		};
		B11D55A628E3C4050046A4CA /* FeedAPI */ = {
			isa = PBXGroup;
			children = (
				B11D55A728E3C4120046A4CA /* RemoteFeedLoader.swift */,
				B11D55A928E3C4210046A4CA /* HTTPClient.swift */,
				B11D55AB28E4EA250046A4CA /* HTTPClientResult.swift */,
				B11D55AD28E667640046A4CA /* FeedItemsMapper.swift */,
				B113606128EB121400493703 /* URLSessionHTTPClient.swift */,
			);
			path = FeedAPI;
			sourceTree = "<group>";
		};
/* End PBXGroup section */

/* Begin PBXHeadersBuildPhase section */
		B11D557E28E3B2AF0046A4CA /* Headers */ = {
			isa = PBXHeadersBuildPhase;
			buildActionMask = 2147483647;
			files = (
				B11D559428E3B2AF0046A4CA /* EssentialFeed.h in Headers */,
			);
			runOnlyForDeploymentPostprocessing = 0;
		};
/* End PBXHeadersBuildPhase section */

/* Begin PBXNativeTarget section */
		B113606628ED160A00493703 /* EssentialFeedEndToEndTests */ = {
			isa = PBXNativeTarget;
			buildConfigurationList = B113606E28ED160A00493703 /* Build configuration list for PBXNativeTarget "EssentialFeedEndToEndTests" */;
			buildPhases = (
				B113606328ED160A00493703 /* Sources */,
				B113606428ED160A00493703 /* Frameworks */,
				B113606528ED160A00493703 /* Resources */,
			);
			buildRules = (
			);
			dependencies = (
				B113606D28ED160A00493703 /* PBXTargetDependency */,
			);
			name = EssentialFeedEndToEndTests;
			productName = EssentialFeedEndToEndTests;
			productReference = B113606728ED160A00493703 /* EssentialFeedEndToEndTests.xctest */;
			productType = "com.apple.product-type.bundle.unit-test";
		};
		B11D558228E3B2AF0046A4CA /* EssentialFeed */ = {
			isa = PBXNativeTarget;
			buildConfigurationList = B11D559728E3B2AF0046A4CA /* Build configuration list for PBXNativeTarget "EssentialFeed" */;
			buildPhases = (
				B11D557E28E3B2AF0046A4CA /* Headers */,
				B11D557F28E3B2AF0046A4CA /* Sources */,
				B11D558028E3B2AF0046A4CA /* Frameworks */,
				B11D558128E3B2AF0046A4CA /* Resources */,
			);
			buildRules = (
			);
			dependencies = (
			);
			name = EssentialFeed;
			productName = EssentialFeed;
			productReference = B11D558328E3B2AF0046A4CA /* EssentialFeed.framework */;
			productType = "com.apple.product-type.framework";
		};
		B11D558C28E3B2AF0046A4CA /* EssentialFeedTests */ = {
			isa = PBXNativeTarget;
			buildConfigurationList = B11D559A28E3B2AF0046A4CA /* Build configuration list for PBXNativeTarget "EssentialFeedTests" */;
			buildPhases = (
				B11D558928E3B2AF0046A4CA /* Sources */,
				B11D558A28E3B2AF0046A4CA /* Frameworks */,
				B11D558B28E3B2AF0046A4CA /* Resources */,
			);
			buildRules = (
			);
			dependencies = (
				B11D559028E3B2AF0046A4CA /* PBXTargetDependency */,
			);
			name = EssentialFeedTests;
			productName = EssentialFeedTests;
			productReference = B11D558D28E3B2AF0046A4CA /* EssentialFeedTests.xctest */;
			productType = "com.apple.product-type.bundle.unit-test";
		};
/* End PBXNativeTarget section */

/* Begin PBXProject section */
		B11D557A28E3B2AF0046A4CA /* Project object */ = {
			isa = PBXProject;
			attributes = {
				BuildIndependentTargetsInParallel = 1;
				LastSwiftUpdateCheck = 1400;
				LastUpgradeCheck = 1400;
				TargetAttributes = {
					B113606628ED160A00493703 = {
						CreatedOnToolsVersion = 14.0;
					};
					B11D558228E3B2AF0046A4CA = {
						CreatedOnToolsVersion = 14.0;
					};
					B11D558C28E3B2AF0046A4CA = {
						CreatedOnToolsVersion = 14.0;
					};
				};
			};
			buildConfigurationList = B11D557D28E3B2AF0046A4CA /* Build configuration list for PBXProject "EssentialFeed" */;
			compatibilityVersion = "Xcode 14.0";
			developmentRegion = en;
			hasScannedForEncodings = 0;
			knownRegions = (
				en,
				Base,
			);
			mainGroup = B11D557928E3B2AF0046A4CA;
			productRefGroup = B11D558428E3B2AF0046A4CA /* Products */;
			projectDirPath = "";
			projectRoot = "";
			targets = (
				B11D558228E3B2AF0046A4CA /* EssentialFeed */,
				B11D558C28E3B2AF0046A4CA /* EssentialFeedTests */,
				B113606628ED160A00493703 /* EssentialFeedEndToEndTests */,
			);
		};
/* End PBXProject section */

/* Begin PBXResourcesBuildPhase section */
		B113606528ED160A00493703 /* Resources */ = {
			isa = PBXResourcesBuildPhase;
			buildActionMask = 2147483647;
			files = (
			);
			runOnlyForDeploymentPostprocessing = 0;
		};
		B11D558128E3B2AF0046A4CA /* Resources */ = {
			isa = PBXResourcesBuildPhase;
			buildActionMask = 2147483647;
			files = (
			);
			runOnlyForDeploymentPostprocessing = 0;
		};
		B11D558B28E3B2AF0046A4CA /* Resources */ = {
			isa = PBXResourcesBuildPhase;
			buildActionMask = 2147483647;
			files = (
			);
			runOnlyForDeploymentPostprocessing = 0;
		};
/* End PBXResourcesBuildPhase section */

/* Begin PBXSourcesBuildPhase section */
		B113606328ED160A00493703 /* Sources */ = {
			isa = PBXSourcesBuildPhase;
			buildActionMask = 2147483647;
			files = (
				B113607128ED1D9200493703 /* XCTestCase+memoryLeakChecker.swift in Sources */,
				B113606A28ED160A00493703 /* EssentialFeedEndToEndTests.swift in Sources */,
			);
			runOnlyForDeploymentPostprocessing = 0;
		};
		B11D557F28E3B2AF0046A4CA /* Sources */ = {
			isa = PBXSourcesBuildPhase;
			buildActionMask = 2147483647;
			files = (
				B11D55A028E3B3C80046A4CA /* IFeedLoader.swift in Sources */,
				B11D559E28E3B2C50046A4CA /* FeedItem.swift in Sources */,
				B11D55AA28E3C4210046A4CA /* HTTPClient.swift in Sources */,
				B11D55AE28E667640046A4CA /* FeedItemsMapper.swift in Sources */,
				B11D55A228E3B43A0046A4CA /* FeedResult.swift in Sources */,
				B11D55A828E3C4120046A4CA /* RemoteFeedLoader.swift in Sources */,
				B11D558828E3B2AF0046A4CA /* EssentialFeed.docc in Sources */,
				B11D55AC28E4EA250046A4CA /* HTTPClientResult.swift in Sources */,
				B113606228EB121400493703 /* URLSessionHTTPClient.swift in Sources */,
			);
			runOnlyForDeploymentPostprocessing = 0;
		};
		B11D558928E3B2AF0046A4CA /* Sources */ = {
			isa = PBXSourcesBuildPhase;
			buildActionMask = 2147483647;
			files = (
				B11D55A528E3BC2E0046A4CA /* RemoteFeedLoaderTests.swift in Sources */,
				B113605E28E9068A00493703 /* URLSessionHTTPClientTests.swift in Sources */,
				B113607628F206C400493703 /* CacheFeedUseCaseTest.swift in Sources */,
				B113606028EB003700493703 /* XCTestCase+memoryLeakChecker.swift in Sources */,
				B11D559328E3B2AF0046A4CA /* EssentialFeedTests.swift in Sources */,
				B113607828F2237700493703 /* XCTestCase+makeAnyNSError.swift in Sources */,
			);
			runOnlyForDeploymentPostprocessing = 0;
		};
/* End PBXSourcesBuildPhase section */

/* Begin PBXTargetDependency section */
		B113606D28ED160A00493703 /* PBXTargetDependency */ = {
			isa = PBXTargetDependency;
			target = B11D558228E3B2AF0046A4CA /* EssentialFeed */;
			targetProxy = B113606C28ED160A00493703 /* PBXContainerItemProxy */;
		};
		B11D559028E3B2AF0046A4CA /* PBXTargetDependency */ = {
			isa = PBXTargetDependency;
			target = B11D558228E3B2AF0046A4CA /* EssentialFeed */;
			targetProxy = B11D558F28E3B2AF0046A4CA /* PBXContainerItemProxy */;
		};
/* End PBXTargetDependency section */

/* Begin XCBuildConfiguration section */
		B113606F28ED160A00493703 /* Debug */ = {
			isa = XCBuildConfiguration;
			buildSettings = {
				CODE_SIGN_STYLE = Automatic;
				CURRENT_PROJECT_VERSION = 1;
				DEVELOPMENT_TEAM = Y487CY958A;
				GENERATE_INFOPLIST_FILE = YES;
				MARKETING_VERSION = 1.0;
				PRODUCT_BUNDLE_IDENTIFIER = PaoloProdossimoLopes.EssentialFeedEndToEndTests;
				PRODUCT_NAME = "$(TARGET_NAME)";
				SWIFT_EMIT_LOC_STRINGS = NO;
				SWIFT_VERSION = 5.0;
			};
			name = Debug;
		};
		B113607028ED160A00493703 /* Release */ = {
			isa = XCBuildConfiguration;
			buildSettings = {
				CODE_SIGN_STYLE = Automatic;
				CURRENT_PROJECT_VERSION = 1;
				DEVELOPMENT_TEAM = Y487CY958A;
				GENERATE_INFOPLIST_FILE = YES;
				MARKETING_VERSION = 1.0;
				PRODUCT_BUNDLE_IDENTIFIER = PaoloProdossimoLopes.EssentialFeedEndToEndTests;
				PRODUCT_NAME = "$(TARGET_NAME)";
				SWIFT_EMIT_LOC_STRINGS = NO;
				SWIFT_VERSION = 5.0;
			};
			name = Release;
		};
		B11D559528E3B2AF0046A4CA /* Debug */ = {
			isa = XCBuildConfiguration;
			buildSettings = {
				ALWAYS_SEARCH_USER_PATHS = NO;
				CLANG_ANALYZER_NONNULL = YES;
				CLANG_ANALYZER_NUMBER_OBJECT_CONVERSION = YES_AGGRESSIVE;
				CLANG_CXX_LANGUAGE_STANDARD = "gnu++20";
				CLANG_ENABLE_MODULES = YES;
				CLANG_ENABLE_OBJC_ARC = YES;
				CLANG_ENABLE_OBJC_WEAK = YES;
				CLANG_WARN_BLOCK_CAPTURE_AUTORELEASING = YES;
				CLANG_WARN_BOOL_CONVERSION = YES;
				CLANG_WARN_COMMA = YES;
				CLANG_WARN_CONSTANT_CONVERSION = YES;
				CLANG_WARN_DEPRECATED_OBJC_IMPLEMENTATIONS = YES;
				CLANG_WARN_DIRECT_OBJC_ISA_USAGE = YES_ERROR;
				CLANG_WARN_DOCUMENTATION_COMMENTS = YES;
				CLANG_WARN_EMPTY_BODY = YES;
				CLANG_WARN_ENUM_CONVERSION = YES;
				CLANG_WARN_INFINITE_RECURSION = YES;
				CLANG_WARN_INT_CONVERSION = YES;
				CLANG_WARN_NON_LITERAL_NULL_CONVERSION = YES;
				CLANG_WARN_OBJC_IMPLICIT_RETAIN_SELF = YES;
				CLANG_WARN_OBJC_LITERAL_CONVERSION = YES;
				CLANG_WARN_OBJC_ROOT_CLASS = YES_ERROR;
				CLANG_WARN_QUOTED_INCLUDE_IN_FRAMEWORK_HEADER = YES;
				CLANG_WARN_RANGE_LOOP_ANALYSIS = YES;
				CLANG_WARN_STRICT_PROTOTYPES = YES;
				CLANG_WARN_SUSPICIOUS_MOVE = YES;
				CLANG_WARN_UNGUARDED_AVAILABILITY = YES_AGGRESSIVE;
				CLANG_WARN_UNREACHABLE_CODE = YES;
				CLANG_WARN__DUPLICATE_METHOD_MATCH = YES;
				COPY_PHASE_STRIP = NO;
				CURRENT_PROJECT_VERSION = 1;
				DEBUG_INFORMATION_FORMAT = dwarf;
				ENABLE_STRICT_OBJC_MSGSEND = YES;
				ENABLE_TESTABILITY = YES;
				GCC_C_LANGUAGE_STANDARD = gnu11;
				GCC_DYNAMIC_NO_PIC = NO;
				GCC_NO_COMMON_BLOCKS = YES;
				GCC_OPTIMIZATION_LEVEL = 0;
				GCC_PREPROCESSOR_DEFINITIONS = (
					"DEBUG=1",
					"$(inherited)",
				);
				GCC_WARN_64_TO_32_BIT_CONVERSION = YES;
				GCC_WARN_ABOUT_RETURN_TYPE = YES_ERROR;
				GCC_WARN_UNDECLARED_SELECTOR = YES;
				GCC_WARN_UNINITIALIZED_AUTOS = YES_AGGRESSIVE;
				GCC_WARN_UNUSED_FUNCTION = YES;
				GCC_WARN_UNUSED_VARIABLE = YES;
				MACOSX_DEPLOYMENT_TARGET = 11.0;
				MTL_ENABLE_DEBUG_INFO = INCLUDE_SOURCE;
				MTL_FAST_MATH = YES;
				ONLY_ACTIVE_ARCH = YES;
				SDKROOT = macosx;
				SWIFT_ACTIVE_COMPILATION_CONDITIONS = DEBUG;
				SWIFT_OPTIMIZATION_LEVEL = "-Onone";
				VERSIONING_SYSTEM = "apple-generic";
				VERSION_INFO_PREFIX = "";
			};
			name = Debug;
		};
		B11D559628E3B2AF0046A4CA /* Release */ = {
			isa = XCBuildConfiguration;
			buildSettings = {
				ALWAYS_SEARCH_USER_PATHS = NO;
				CLANG_ANALYZER_NONNULL = YES;
				CLANG_ANALYZER_NUMBER_OBJECT_CONVERSION = YES_AGGRESSIVE;
				CLANG_CXX_LANGUAGE_STANDARD = "gnu++20";
				CLANG_ENABLE_MODULES = YES;
				CLANG_ENABLE_OBJC_ARC = YES;
				CLANG_ENABLE_OBJC_WEAK = YES;
				CLANG_WARN_BLOCK_CAPTURE_AUTORELEASING = YES;
				CLANG_WARN_BOOL_CONVERSION = YES;
				CLANG_WARN_COMMA = YES;
				CLANG_WARN_CONSTANT_CONVERSION = YES;
				CLANG_WARN_DEPRECATED_OBJC_IMPLEMENTATIONS = YES;
				CLANG_WARN_DIRECT_OBJC_ISA_USAGE = YES_ERROR;
				CLANG_WARN_DOCUMENTATION_COMMENTS = YES;
				CLANG_WARN_EMPTY_BODY = YES;
				CLANG_WARN_ENUM_CONVERSION = YES;
				CLANG_WARN_INFINITE_RECURSION = YES;
				CLANG_WARN_INT_CONVERSION = YES;
				CLANG_WARN_NON_LITERAL_NULL_CONVERSION = YES;
				CLANG_WARN_OBJC_IMPLICIT_RETAIN_SELF = YES;
				CLANG_WARN_OBJC_LITERAL_CONVERSION = YES;
				CLANG_WARN_OBJC_ROOT_CLASS = YES_ERROR;
				CLANG_WARN_QUOTED_INCLUDE_IN_FRAMEWORK_HEADER = YES;
				CLANG_WARN_RANGE_LOOP_ANALYSIS = YES;
				CLANG_WARN_STRICT_PROTOTYPES = YES;
				CLANG_WARN_SUSPICIOUS_MOVE = YES;
				CLANG_WARN_UNGUARDED_AVAILABILITY = YES_AGGRESSIVE;
				CLANG_WARN_UNREACHABLE_CODE = YES;
				CLANG_WARN__DUPLICATE_METHOD_MATCH = YES;
				COPY_PHASE_STRIP = NO;
				CURRENT_PROJECT_VERSION = 1;
				DEBUG_INFORMATION_FORMAT = "dwarf-with-dsym";
				ENABLE_NS_ASSERTIONS = NO;
				ENABLE_STRICT_OBJC_MSGSEND = YES;
				GCC_C_LANGUAGE_STANDARD = gnu11;
				GCC_NO_COMMON_BLOCKS = YES;
				GCC_WARN_64_TO_32_BIT_CONVERSION = YES;
				GCC_WARN_ABOUT_RETURN_TYPE = YES_ERROR;
				GCC_WARN_UNDECLARED_SELECTOR = YES;
				GCC_WARN_UNINITIALIZED_AUTOS = YES_AGGRESSIVE;
				GCC_WARN_UNUSED_FUNCTION = YES;
				GCC_WARN_UNUSED_VARIABLE = YES;
				MACOSX_DEPLOYMENT_TARGET = 11.0;
				MTL_ENABLE_DEBUG_INFO = NO;
				MTL_FAST_MATH = YES;
				SDKROOT = macosx;
				SWIFT_COMPILATION_MODE = wholemodule;
				SWIFT_OPTIMIZATION_LEVEL = "-O";
				VERSIONING_SYSTEM = "apple-generic";
				VERSION_INFO_PREFIX = "";
			};
			name = Release;
		};
		B11D559828E3B2AF0046A4CA /* Debug */ = {
			isa = XCBuildConfiguration;
			buildSettings = {
				CODE_SIGN_STYLE = Automatic;
				COMBINE_HIDPI_IMAGES = YES;
				CURRENT_PROJECT_VERSION = 1;
				DEFINES_MODULE = YES;
				DEVELOPMENT_TEAM = Y487CY958A;
				DYLIB_COMPATIBILITY_VERSION = 1;
				DYLIB_CURRENT_VERSION = 1;
				DYLIB_INSTALL_NAME_BASE = "@rpath";
				GENERATE_INFOPLIST_FILE = YES;
				INFOPLIST_KEY_NSHumanReadableCopyright = "";
				INSTALL_PATH = "$(LOCAL_LIBRARY_DIR)/Frameworks";
				LD_RUNPATH_SEARCH_PATHS = (
					"$(inherited)",
					"@executable_path/../Frameworks",
					"@loader_path/Frameworks",
				);
				MARKETING_VERSION = 1.0;
				PRODUCT_BUNDLE_IDENTIFIER = PaoloProdossimoLopes.EssentialFeed;
				PRODUCT_NAME = "$(TARGET_NAME:c99extidentifier)";
				SKIP_INSTALL = YES;
				SWIFT_EMIT_LOC_STRINGS = YES;
				SWIFT_VERSION = 5.0;
			};
			name = Debug;
		};
		B11D559928E3B2AF0046A4CA /* Release */ = {
			isa = XCBuildConfiguration;
			buildSettings = {
				CODE_SIGN_STYLE = Automatic;
				COMBINE_HIDPI_IMAGES = YES;
				CURRENT_PROJECT_VERSION = 1;
				DEFINES_MODULE = YES;
				DEVELOPMENT_TEAM = Y487CY958A;
				DYLIB_COMPATIBILITY_VERSION = 1;
				DYLIB_CURRENT_VERSION = 1;
				DYLIB_INSTALL_NAME_BASE = "@rpath";
				GENERATE_INFOPLIST_FILE = YES;
				INFOPLIST_KEY_NSHumanReadableCopyright = "";
				INSTALL_PATH = "$(LOCAL_LIBRARY_DIR)/Frameworks";
				LD_RUNPATH_SEARCH_PATHS = (
					"$(inherited)",
					"@executable_path/../Frameworks",
					"@loader_path/Frameworks",
				);
				MARKETING_VERSION = 1.0;
				PRODUCT_BUNDLE_IDENTIFIER = PaoloProdossimoLopes.EssentialFeed;
				PRODUCT_NAME = "$(TARGET_NAME:c99extidentifier)";
				SKIP_INSTALL = YES;
				SWIFT_EMIT_LOC_STRINGS = YES;
				SWIFT_VERSION = 5.0;
			};
			name = Release;
		};
		B11D559B28E3B2AF0046A4CA /* Debug */ = {
			isa = XCBuildConfiguration;
			buildSettings = {
				ALWAYS_EMBED_SWIFT_STANDARD_LIBRARIES = YES;
				CODE_SIGN_STYLE = Automatic;
				CURRENT_PROJECT_VERSION = 1;
				DEVELOPMENT_TEAM = Y487CY958A;
				GENERATE_INFOPLIST_FILE = YES;
				MARKETING_VERSION = 1.0;
				PRODUCT_BUNDLE_IDENTIFIER = PaoloProdossimoLopes.EssentialFeedTests;
				PRODUCT_NAME = "$(TARGET_NAME)";
				SWIFT_EMIT_LOC_STRINGS = NO;
				SWIFT_VERSION = 5.0;
			};
			name = Debug;
		};
		B11D559C28E3B2AF0046A4CA /* Release */ = {
			isa = XCBuildConfiguration;
			buildSettings = {
				ALWAYS_EMBED_SWIFT_STANDARD_LIBRARIES = YES;
				CODE_SIGN_STYLE = Automatic;
				CURRENT_PROJECT_VERSION = 1;
				DEVELOPMENT_TEAM = Y487CY958A;
				GENERATE_INFOPLIST_FILE = YES;
				MARKETING_VERSION = 1.0;
				PRODUCT_BUNDLE_IDENTIFIER = PaoloProdossimoLopes.EssentialFeedTests;
				PRODUCT_NAME = "$(TARGET_NAME)";
				SWIFT_EMIT_LOC_STRINGS = NO;
				SWIFT_VERSION = 5.0;
			};
			name = Release;
		};
/* End XCBuildConfiguration section */

/* Begin XCConfigurationList section */
		B113606E28ED160A00493703 /* Build configuration list for PBXNativeTarget "EssentialFeedEndToEndTests" */ = {
			isa = XCConfigurationList;
			buildConfigurations = (
				B113606F28ED160A00493703 /* Debug */,
				B113607028ED160A00493703 /* Release */,
			);
			defaultConfigurationIsVisible = 0;
			defaultConfigurationName = Release;
		};
		B11D557D28E3B2AF0046A4CA /* Build configuration list for PBXProject "EssentialFeed" */ = {
			isa = XCConfigurationList;
			buildConfigurations = (
				B11D559528E3B2AF0046A4CA /* Debug */,
				B11D559628E3B2AF0046A4CA /* Release */,
			);
			defaultConfigurationIsVisible = 0;
			defaultConfigurationName = Release;
		};
		B11D559728E3B2AF0046A4CA /* Build configuration list for PBXNativeTarget "EssentialFeed" */ = {
			isa = XCConfigurationList;
			buildConfigurations = (
				B11D559828E3B2AF0046A4CA /* Debug */,
				B11D559928E3B2AF0046A4CA /* Release */,
			);
			defaultConfigurationIsVisible = 0;
			defaultConfigurationName = Release;
		};
		B11D559A28E3B2AF0046A4CA /* Build configuration list for PBXNativeTarget "EssentialFeedTests" */ = {
			isa = XCConfigurationList;
			buildConfigurations = (
				B11D559B28E3B2AF0046A4CA /* Debug */,
				B11D559C28E3B2AF0046A4CA /* Release */,
			);
			defaultConfigurationIsVisible = 0;
			defaultConfigurationName = Release;
		};
/* End XCConfigurationList section */
	};
	rootObject = B11D557A28E3B2AF0046A4CA /* Project object */;
}
