// !$*UTF8*$!
{
	archiveVersion = 1;
	classes = {
	};
	objectVersion = 56;
	objects = {

/* Begin PBXBuildFile section */
		B1481276295A502C00BAD997 /* AppDelegate.swift in Sources */ = {isa = PBXBuildFile; fileRef = B1481275295A502C00BAD997 /* AppDelegate.swift */; };
		B1481278295A502C00BAD997 /* SceneDelegate.swift in Sources */ = {isa = PBXBuildFile; fileRef = B1481277295A502C00BAD997 /* SceneDelegate.swift */; };
		B148127F295A502E00BAD997 /* Assets.xcassets in Resources */ = {isa = PBXBuildFile; fileRef = B148127E295A502E00BAD997 /* Assets.xcassets */; };
		B1481282295A502E00BAD997 /* LaunchScreen.storyboard in Resources */ = {isa = PBXBuildFile; fileRef = B1481280295A502E00BAD997 /* LaunchScreen.storyboard */; };
		B1580184296C35C900020CA5 /* CommentsViewAdapter.swift in Sources */ = {isa = PBXBuildFile; fileRef = B1580183296C35C900020CA5 /* CommentsViewAdapter.swift */; };
		B18FBE45295A51F10045946C /* NullStore.swift in Sources */ = {isa = PBXBuildFile; fileRef = B18FBE44295A51F10045946C /* NullStore.swift */; };
		B18FBE47295A52040045946C /* CombineHelpers.swift in Sources */ = {isa = PBXBuildFile; fileRef = B18FBE46295A52040045946C /* CombineHelpers.swift */; };
		B18FBE50295A52FC0045946C /* FeedUIComposer.swift in Sources */ = {isa = PBXBuildFile; fileRef = B18FBE4F295A52FC0045946C /* FeedUIComposer.swift */; };
		B18FBE52295A53180045946C /* CommentsUIComposer.swift in Sources */ = {isa = PBXBuildFile; fileRef = B18FBE51295A53180045946C /* CommentsUIComposer.swift */; };
		B18FBE54295A532D0045946C /* WeakRefVirtualProxy.swift in Sources */ = {isa = PBXBuildFile; fileRef = B18FBE53295A532D0045946C /* WeakRefVirtualProxy.swift */; };
		B18FBE56295A533D0045946C /* LoadResourcePresentationAdapter.swift in Sources */ = {isa = PBXBuildFile; fileRef = B18FBE55295A533D0045946C /* LoadResourcePresentationAdapter.swift */; };
		B18FBE58295A534A0045946C /* FeedViewAdapter.swift in Sources */ = {isa = PBXBuildFile; fileRef = B18FBE57295A534A0045946C /* FeedViewAdapter.swift */; };
		B18FBE5A295A53630045946C /* UIImage+Extensions.swift in Sources */ = {isa = PBXBuildFile; fileRef = B18FBE59295A53630045946C /* UIImage+Extensions.swift */; };
		B18FBE5D295A54B20045946C /* EssentialFeed.framework in Frameworks */ = {isa = PBXBuildFile; fileRef = B18FBE5C295A54B20045946C /* EssentialFeed.framework */; };
		B18FBE5E295A54B20045946C /* EssentialFeed.framework in Embed Frameworks */ = {isa = PBXBuildFile; fileRef = B18FBE5C295A54B20045946C /* EssentialFeed.framework */; settings = {ATTRIBUTES = (CodeSignOnCopy, RemoveHeadersOnCopy, ); }; };
		B18FBE61295A54E50045946C /* EssentialFeediOS.framework in Frameworks */ = {isa = PBXBuildFile; fileRef = B18FBE60295A54E50045946C /* EssentialFeediOS.framework */; };
		B18FBE62295A54E50045946C /* EssentialFeediOS.framework in Embed Frameworks */ = {isa = PBXBuildFile; fileRef = B18FBE60295A54E50045946C /* EssentialFeediOS.framework */; settings = {ATTRIBUTES = (CodeSignOnCopy, RemoveHeadersOnCopy, ); }; };
		B18FBE64295A589C0045946C /* SceneDelegateTests.swift in Sources */ = {isa = PBXBuildFile; fileRef = B18FBE63295A589C0045946C /* SceneDelegateTests.swift */; };
		B18FBE66295A58AA0045946C /* FeedAcceptanceTests.swift in Sources */ = {isa = PBXBuildFile; fileRef = B18FBE65295A58AA0045946C /* FeedAcceptanceTests.swift */; };
		B18FBE68295A58BD0045946C /* FeedUIIntegrationTests.swift in Sources */ = {isa = PBXBuildFile; fileRef = B18FBE67295A58BD0045946C /* FeedUIIntegrationTests.swift */; };
		B18FBE6A295A58CD0045946C /* CommentsUIIntegrationTests.swift in Sources */ = {isa = PBXBuildFile; fileRef = B18FBE69295A58CD0045946C /* CommentsUIIntegrationTests.swift */; };
		B18FBE6D295A58E70045946C /* UIImage+TestHelpers.swift in Sources */ = {isa = PBXBuildFile; fileRef = B18FBE6C295A58E70045946C /* UIImage+TestHelpers.swift */; };
		B18FBE6F295A58F70045946C /* UIRefreshControl+TestHelpers.swift in Sources */ = {isa = PBXBuildFile; fileRef = B18FBE6E295A58F70045946C /* UIRefreshControl+TestHelpers.swift */; };
		B18FBE71295A59020045946C /* UIButton+TestHelpers.swift in Sources */ = {isa = PBXBuildFile; fileRef = B18FBE70295A59020045946C /* UIButton+TestHelpers.swift */; };
		B18FBE73295A590D0045946C /* UIControl+TestHelpers.swift in Sources */ = {isa = PBXBuildFile; fileRef = B18FBE72295A590D0045946C /* UIControl+TestHelpers.swift */; };
		B18FBE75295A591C0045946C /* UIView+TestHelpers.swift in Sources */ = {isa = PBXBuildFile; fileRef = B18FBE74295A591C0045946C /* UIView+TestHelpers.swift */; };
		B18FBE77295A59270045946C /* ListViewController+TestHelpers.swift in Sources */ = {isa = PBXBuildFile; fileRef = B18FBE76295A59270045946C /* ListViewController+TestHelpers.swift */; };
		B18FBE79295A59340045946C /* FeedImageCell+TestHelpers.swift in Sources */ = {isa = PBXBuildFile; fileRef = B18FBE78295A59340045946C /* FeedImageCell+TestHelpers.swift */; };
		B18FBE7B295A59400045946C /* FeedUIIntegrationTests+LoaderSpy.swift in Sources */ = {isa = PBXBuildFile; fileRef = B18FBE7A295A59400045946C /* FeedUIIntegrationTests+LoaderSpy.swift */; };
		B18FBE7D295A594C0045946C /* FeedUIIntegrationTests+Assertions.swift in Sources */ = {isa = PBXBuildFile; fileRef = B18FBE7C295A594C0045946C /* FeedUIIntegrationTests+Assertions.swift */; };
		B18FBE7F295A59590045946C /* XCTestCase+MemoryLeakTracking.swift in Sources */ = {isa = PBXBuildFile; fileRef = B18FBE7E295A59590045946C /* XCTestCase+MemoryLeakTracking.swift */; };
		B18FBE81295A597B0045946C /* SharedTestHelpers.swift in Sources */ = {isa = PBXBuildFile; fileRef = B18FBE80295A597B0045946C /* SharedTestHelpers.swift */; };
		B18FBE83295A59870045946C /* HTTPClientStub.swift in Sources */ = {isa = PBXBuildFile; fileRef = B18FBE82295A59870045946C /* HTTPClientStub.swift */; };
		B18FBE85295A59940045946C /* InMemoryFeedStore.swift in Sources */ = {isa = PBXBuildFile; fileRef = B18FBE84295A59940045946C /* InMemoryFeedStore.swift */; };
/* End PBXBuildFile section */

/* Begin PBXContainerItemProxy section */
		B1481289295A502F00BAD997 /* PBXContainerItemProxy */ = {
			isa = PBXContainerItemProxy;
			containerPortal = B148126A295A502C00BAD997 /* Project object */;
			proxyType = 1;
			remoteGlobalIDString = B1481271295A502C00BAD997;
			remoteInfo = EssentialApp;
		};
/* End PBXContainerItemProxy section */

/* Begin PBXCopyFilesBuildPhase section */
		B18FBE5F295A54B20045946C /* Embed Frameworks */ = {
			isa = PBXCopyFilesBuildPhase;
			buildActionMask = 2147483647;
			dstPath = "";
			dstSubfolderSpec = 10;
			files = (
				B18FBE5E295A54B20045946C /* EssentialFeed.framework in Embed Frameworks */,
				B18FBE62295A54E50045946C /* EssentialFeediOS.framework in Embed Frameworks */,
			);
			name = "Embed Frameworks";
			runOnlyForDeploymentPostprocessing = 0;
		};
/* End PBXCopyFilesBuildPhase section */

/* Begin PBXFileReference section */
		B1481272295A502C00BAD997 /* EssentialApp.app */ = {isa = PBXFileReference; explicitFileType = wrapper.application; includeInIndex = 0; path = EssentialApp.app; sourceTree = BUILT_PRODUCTS_DIR; };
		B1481275295A502C00BAD997 /* AppDelegate.swift */ = {isa = PBXFileReference; lastKnownFileType = sourcecode.swift; path = AppDelegate.swift; sourceTree = "<group>"; };
		B1481277295A502C00BAD997 /* SceneDelegate.swift */ = {isa = PBXFileReference; lastKnownFileType = sourcecode.swift; path = SceneDelegate.swift; sourceTree = "<group>"; };
		B148127E295A502E00BAD997 /* Assets.xcassets */ = {isa = PBXFileReference; lastKnownFileType = folder.assetcatalog; path = Assets.xcassets; sourceTree = "<group>"; };
		B1481281295A502E00BAD997 /* Base */ = {isa = PBXFileReference; lastKnownFileType = file.storyboard; name = Base; path = Base.lproj/LaunchScreen.storyboard; sourceTree = "<group>"; };
		B1481283295A502E00BAD997 /* Info.plist */ = {isa = PBXFileReference; lastKnownFileType = text.plist.xml; path = Info.plist; sourceTree = "<group>"; };
		B1481288295A502F00BAD997 /* EssentialAppTests.xctest */ = {isa = PBXFileReference; explicitFileType = wrapper.cfbundle; includeInIndex = 0; path = EssentialAppTests.xctest; sourceTree = BUILT_PRODUCTS_DIR; };
		B1580183296C35C900020CA5 /* CommentsViewAdapter.swift */ = {isa = PBXFileReference; lastKnownFileType = sourcecode.swift; path = CommentsViewAdapter.swift; sourceTree = "<group>"; };
		B18FBE44295A51F10045946C /* NullStore.swift */ = {isa = PBXFileReference; lastKnownFileType = sourcecode.swift; path = NullStore.swift; sourceTree = "<group>"; };
		B18FBE46295A52040045946C /* CombineHelpers.swift */ = {isa = PBXFileReference; lastKnownFileType = sourcecode.swift; path = CombineHelpers.swift; sourceTree = "<group>"; };
		B18FBE4F295A52FC0045946C /* FeedUIComposer.swift */ = {isa = PBXFileReference; lastKnownFileType = sourcecode.swift; path = FeedUIComposer.swift; sourceTree = "<group>"; };
		B18FBE51295A53180045946C /* CommentsUIComposer.swift */ = {isa = PBXFileReference; lastKnownFileType = sourcecode.swift; path = CommentsUIComposer.swift; sourceTree = "<group>"; };
		B18FBE53295A532D0045946C /* WeakRefVirtualProxy.swift */ = {isa = PBXFileReference; lastKnownFileType = sourcecode.swift; path = WeakRefVirtualProxy.swift; sourceTree = "<group>"; };
		B18FBE55295A533D0045946C /* LoadResourcePresentationAdapter.swift */ = {isa = PBXFileReference; lastKnownFileType = sourcecode.swift; path = LoadResourcePresentationAdapter.swift; sourceTree = "<group>"; };
		B18FBE57295A534A0045946C /* FeedViewAdapter.swift */ = {isa = PBXFileReference; lastKnownFileType = sourcecode.swift; path = FeedViewAdapter.swift; sourceTree = "<group>"; };
		B18FBE59295A53630045946C /* UIImage+Extensions.swift */ = {isa = PBXFileReference; lastKnownFileType = sourcecode.swift; path = "UIImage+Extensions.swift"; sourceTree = "<group>"; };
		B18FBE5C295A54B20045946C /* EssentialFeed.framework */ = {isa = PBXFileReference; explicitFileType = wrapper.framework; path = EssentialFeed.framework; sourceTree = BUILT_PRODUCTS_DIR; };
		B18FBE60295A54E50045946C /* EssentialFeediOS.framework */ = {isa = PBXFileReference; explicitFileType = wrapper.framework; path = EssentialFeediOS.framework; sourceTree = BUILT_PRODUCTS_DIR; };
		B18FBE63295A589C0045946C /* SceneDelegateTests.swift */ = {isa = PBXFileReference; lastKnownFileType = sourcecode.swift; path = SceneDelegateTests.swift; sourceTree = "<group>"; };
		B18FBE65295A58AA0045946C /* FeedAcceptanceTests.swift */ = {isa = PBXFileReference; lastKnownFileType = sourcecode.swift; path = FeedAcceptanceTests.swift; sourceTree = "<group>"; };
		B18FBE67295A58BD0045946C /* FeedUIIntegrationTests.swift */ = {isa = PBXFileReference; lastKnownFileType = sourcecode.swift; path = FeedUIIntegrationTests.swift; sourceTree = "<group>"; };
		B18FBE69295A58CD0045946C /* CommentsUIIntegrationTests.swift */ = {isa = PBXFileReference; lastKnownFileType = sourcecode.swift; path = CommentsUIIntegrationTests.swift; sourceTree = "<group>"; };
		B18FBE6C295A58E70045946C /* UIImage+TestHelpers.swift */ = {isa = PBXFileReference; lastKnownFileType = sourcecode.swift; path = "UIImage+TestHelpers.swift"; sourceTree = "<group>"; };
		B18FBE6E295A58F70045946C /* UIRefreshControl+TestHelpers.swift */ = {isa = PBXFileReference; lastKnownFileType = sourcecode.swift; path = "UIRefreshControl+TestHelpers.swift"; sourceTree = "<group>"; };
		B18FBE70295A59020045946C /* UIButton+TestHelpers.swift */ = {isa = PBXFileReference; lastKnownFileType = sourcecode.swift; path = "UIButton+TestHelpers.swift"; sourceTree = "<group>"; };
		B18FBE72295A590D0045946C /* UIControl+TestHelpers.swift */ = {isa = PBXFileReference; lastKnownFileType = sourcecode.swift; path = "UIControl+TestHelpers.swift"; sourceTree = "<group>"; };
		B18FBE74295A591C0045946C /* UIView+TestHelpers.swift */ = {isa = PBXFileReference; lastKnownFileType = sourcecode.swift; path = "UIView+TestHelpers.swift"; sourceTree = "<group>"; };
		B18FBE76295A59270045946C /* ListViewController+TestHelpers.swift */ = {isa = PBXFileReference; lastKnownFileType = sourcecode.swift; path = "ListViewController+TestHelpers.swift"; sourceTree = "<group>"; };
		B18FBE78295A59340045946C /* FeedImageCell+TestHelpers.swift */ = {isa = PBXFileReference; lastKnownFileType = sourcecode.swift; path = "FeedImageCell+TestHelpers.swift"; sourceTree = "<group>"; };
		B18FBE7A295A59400045946C /* FeedUIIntegrationTests+LoaderSpy.swift */ = {isa = PBXFileReference; lastKnownFileType = sourcecode.swift; path = "FeedUIIntegrationTests+LoaderSpy.swift"; sourceTree = "<group>"; };
		B18FBE7C295A594C0045946C /* FeedUIIntegrationTests+Assertions.swift */ = {isa = PBXFileReference; lastKnownFileType = sourcecode.swift; path = "FeedUIIntegrationTests+Assertions.swift"; sourceTree = "<group>"; };
		B18FBE7E295A59590045946C /* XCTestCase+MemoryLeakTracking.swift */ = {isa = PBXFileReference; lastKnownFileType = sourcecode.swift; path = "XCTestCase+MemoryLeakTracking.swift"; sourceTree = "<group>"; };
		B18FBE80295A597B0045946C /* SharedTestHelpers.swift */ = {isa = PBXFileReference; lastKnownFileType = sourcecode.swift; path = SharedTestHelpers.swift; sourceTree = "<group>"; };
		B18FBE82295A59870045946C /* HTTPClientStub.swift */ = {isa = PBXFileReference; lastKnownFileType = sourcecode.swift; path = HTTPClientStub.swift; sourceTree = "<group>"; };
		B18FBE84295A59940045946C /* InMemoryFeedStore.swift */ = {isa = PBXFileReference; lastKnownFileType = sourcecode.swift; path = InMemoryFeedStore.swift; sourceTree = "<group>"; };
/* End PBXFileReference section */

/* Begin PBXFrameworksBuildPhase section */
		B148126F295A502C00BAD997 /* Frameworks */ = {
			isa = PBXFrameworksBuildPhase;
			buildActionMask = 2147483647;
			files = (
				B18FBE5D295A54B20045946C /* EssentialFeed.framework in Frameworks */,
				B18FBE61295A54E50045946C /* EssentialFeediOS.framework in Frameworks */,
			);
			runOnlyForDeploymentPostprocessing = 0;
		};
		B1481285295A502F00BAD997 /* Frameworks */ = {
			isa = PBXFrameworksBuildPhase;
			buildActionMask = 2147483647;
			files = (
			);
			runOnlyForDeploymentPostprocessing = 0;
		};
/* End PBXFrameworksBuildPhase section */

/* Begin PBXGroup section */
		B1481269295A502C00BAD997 = {
			isa = PBXGroup;
			children = (
				B1481274295A502C00BAD997 /* EssentialApp */,
				B148128B295A502F00BAD997 /* EssentialAppTests */,
				B1481273295A502C00BAD997 /* Products */,
				B18FBE5B295A54B20045946C /* Frameworks */,
			);
			sourceTree = "<group>";
		};
		B1481273295A502C00BAD997 /* Products */ = {
			isa = PBXGroup;
			children = (
				B1481272295A502C00BAD997 /* EssentialApp.app */,
				B1481288295A502F00BAD997 /* EssentialAppTests.xctest */,
			);
			name = Products;
			sourceTree = "<group>";
		};
		B1481274295A502C00BAD997 /* EssentialApp */ = {
			isa = PBXGroup;
			children = (
				B1481275295A502C00BAD997 /* AppDelegate.swift */,
				B1481277295A502C00BAD997 /* SceneDelegate.swift */,
				B148127E295A502E00BAD997 /* Assets.xcassets */,
				B1481280295A502E00BAD997 /* LaunchScreen.storyboard */,
				B1481283295A502E00BAD997 /* Info.plist */,
				B18FBE44295A51F10045946C /* NullStore.swift */,
				B18FBE46295A52040045946C /* CombineHelpers.swift */,
				B18FBE4F295A52FC0045946C /* FeedUIComposer.swift */,
				B18FBE51295A53180045946C /* CommentsUIComposer.swift */,
				B18FBE53295A532D0045946C /* WeakRefVirtualProxy.swift */,
				B18FBE55295A533D0045946C /* LoadResourcePresentationAdapter.swift */,
				B18FBE57295A534A0045946C /* FeedViewAdapter.swift */,
				B18FBE59295A53630045946C /* UIImage+Extensions.swift */,
				B1580183296C35C900020CA5 /* CommentsViewAdapter.swift */,
			);
			path = EssentialApp;
			sourceTree = "<group>";
		};
		B148128B295A502F00BAD997 /* EssentialAppTests */ = {
			isa = PBXGroup;
			children = (
				B18FBE6B295A58DE0045946C /* Helpers */,
				B18FBE63295A589C0045946C /* SceneDelegateTests.swift */,
				B18FBE65295A58AA0045946C /* FeedAcceptanceTests.swift */,
				B18FBE67295A58BD0045946C /* FeedUIIntegrationTests.swift */,
				B18FBE69295A58CD0045946C /* CommentsUIIntegrationTests.swift */,
			);
			path = EssentialAppTests;
			sourceTree = "<group>";
		};
		B18FBE5B295A54B20045946C /* Frameworks */ = {
			isa = PBXGroup;
			children = (
				B18FBE60295A54E50045946C /* EssentialFeediOS.framework */,
				B18FBE5C295A54B20045946C /* EssentialFeed.framework */,
			);
			name = Frameworks;
			sourceTree = "<group>";
		};
		B18FBE6B295A58DE0045946C /* Helpers */ = {
			isa = PBXGroup;
			children = (
				B18FBE6C295A58E70045946C /* UIImage+TestHelpers.swift */,
				B18FBE6E295A58F70045946C /* UIRefreshControl+TestHelpers.swift */,
				B18FBE70295A59020045946C /* UIButton+TestHelpers.swift */,
				B18FBE72295A590D0045946C /* UIControl+TestHelpers.swift */,
				B18FBE74295A591C0045946C /* UIView+TestHelpers.swift */,
				B18FBE76295A59270045946C /* ListViewController+TestHelpers.swift */,
				B18FBE78295A59340045946C /* FeedImageCell+TestHelpers.swift */,
				B18FBE7A295A59400045946C /* FeedUIIntegrationTests+LoaderSpy.swift */,
				B18FBE7C295A594C0045946C /* FeedUIIntegrationTests+Assertions.swift */,
				B18FBE7E295A59590045946C /* XCTestCase+MemoryLeakTracking.swift */,
				B18FBE80295A597B0045946C /* SharedTestHelpers.swift */,
				B18FBE82295A59870045946C /* HTTPClientStub.swift */,
				B18FBE84295A59940045946C /* InMemoryFeedStore.swift */,
			);
			path = Helpers;
			sourceTree = "<group>";
		};
/* End PBXGroup section */

/* Begin PBXNativeTarget section */
		B1481271295A502C00BAD997 /* EssentialApp */ = {
			isa = PBXNativeTarget;
			buildConfigurationList = B148129C295A502F00BAD997 /* Build configuration list for PBXNativeTarget "EssentialApp" */;
			buildPhases = (
				B148126E295A502C00BAD997 /* Sources */,
				B148126F295A502C00BAD997 /* Frameworks */,
				B1481270295A502C00BAD997 /* Resources */,
				B18FBE5F295A54B20045946C /* Embed Frameworks */,
			);
			buildRules = (
			);
			dependencies = (
			);
			name = EssentialApp;
			productName = EssentialApp;
			productReference = B1481272295A502C00BAD997 /* EssentialApp.app */;
			productType = "com.apple.product-type.application";
		};
		B1481287295A502F00BAD997 /* EssentialAppTests */ = {
			isa = PBXNativeTarget;
			buildConfigurationList = B148129F295A502F00BAD997 /* Build configuration list for PBXNativeTarget "EssentialAppTests" */;
			buildPhases = (
				B1481284295A502F00BAD997 /* Sources */,
				B1481285295A502F00BAD997 /* Frameworks */,
				B1481286295A502F00BAD997 /* Resources */,
			);
			buildRules = (
			);
			dependencies = (
				B148128A295A502F00BAD997 /* PBXTargetDependency */,
			);
			name = EssentialAppTests;
			productName = EssentialAppTests;
			productReference = B1481288295A502F00BAD997 /* EssentialAppTests.xctest */;
			productType = "com.apple.product-type.bundle.unit-test";
		};
/* End PBXNativeTarget section */

/* Begin PBXProject section */
		B148126A295A502C00BAD997 /* Project object */ = {
			isa = PBXProject;
			attributes = {
				BuildIndependentTargetsInParallel = 1;
				LastSwiftUpdateCheck = 1400;
				LastUpgradeCheck = 1400;
				TargetAttributes = {
					B1481271295A502C00BAD997 = {
						CreatedOnToolsVersion = 14.0.1;
					};
					B1481287295A502F00BAD997 = {
						CreatedOnToolsVersion = 14.0.1;
						LastSwiftMigration = 1400;
						TestTargetID = B1481271295A502C00BAD997;
					};
				};
			};
			buildConfigurationList = B148126D295A502C00BAD997 /* Build configuration list for PBXProject "EssentialApp" */;
			compatibilityVersion = "Xcode 14.0";
			developmentRegion = en;
			hasScannedForEncodings = 0;
			knownRegions = (
				en,
				Base,
			);
			mainGroup = B1481269295A502C00BAD997;
			productRefGroup = B1481273295A502C00BAD997 /* Products */;
			projectDirPath = "";
			projectRoot = "";
			targets = (
				B1481271295A502C00BAD997 /* EssentialApp */,
				B1481287295A502F00BAD997 /* EssentialAppTests */,
			);
		};
/* End PBXProject section */

/* Begin PBXResourcesBuildPhase section */
		B1481270295A502C00BAD997 /* Resources */ = {
			isa = PBXResourcesBuildPhase;
			buildActionMask = 2147483647;
			files = (
				B1481282295A502E00BAD997 /* LaunchScreen.storyboard in Resources */,
				B148127F295A502E00BAD997 /* Assets.xcassets in Resources */,
			);
			runOnlyForDeploymentPostprocessing = 0;
		};
		B1481286295A502F00BAD997 /* Resources */ = {
			isa = PBXResourcesBuildPhase;
			buildActionMask = 2147483647;
			files = (
			);
			runOnlyForDeploymentPostprocessing = 0;
		};
/* End PBXResourcesBuildPhase section */

/* Begin PBXSourcesBuildPhase section */
		B148126E295A502C00BAD997 /* Sources */ = {
			isa = PBXSourcesBuildPhase;
			buildActionMask = 2147483647;
			files = (
				B18FBE45295A51F10045946C /* NullStore.swift in Sources */,
				B18FBE56295A533D0045946C /* LoadResourcePresentationAdapter.swift in Sources */,
				B18FBE50295A52FC0045946C /* FeedUIComposer.swift in Sources */,
				B18FBE54295A532D0045946C /* WeakRefVirtualProxy.swift in Sources */,
				B18FBE58295A534A0045946C /* FeedViewAdapter.swift in Sources */,
				B18FBE52295A53180045946C /* CommentsUIComposer.swift in Sources */,
				B1580184296C35C900020CA5 /* CommentsViewAdapter.swift in Sources */,
				B1481276295A502C00BAD997 /* AppDelegate.swift in Sources */,
				B18FBE5A295A53630045946C /* UIImage+Extensions.swift in Sources */,
				B1481278295A502C00BAD997 /* SceneDelegate.swift in Sources */,
				B18FBE47295A52040045946C /* CombineHelpers.swift in Sources */,
			);
			runOnlyForDeploymentPostprocessing = 0;
		};
		B1481284295A502F00BAD997 /* Sources */ = {
			isa = PBXSourcesBuildPhase;
			buildActionMask = 2147483647;
			files = (
				B18FBE7B295A59400045946C /* FeedUIIntegrationTests+LoaderSpy.swift in Sources */,
				B18FBE6A295A58CD0045946C /* CommentsUIIntegrationTests.swift in Sources */,
				B18FBE85295A59940045946C /* InMemoryFeedStore.swift in Sources */,
				B18FBE81295A597B0045946C /* SharedTestHelpers.swift in Sources */,
				B18FBE6F295A58F70045946C /* UIRefreshControl+TestHelpers.swift in Sources */,
				B18FBE7F295A59590045946C /* XCTestCase+MemoryLeakTracking.swift in Sources */,
				B18FBE66295A58AA0045946C /* FeedAcceptanceTests.swift in Sources */,
				B18FBE73295A590D0045946C /* UIControl+TestHelpers.swift in Sources */,
				B18FBE75295A591C0045946C /* UIView+TestHelpers.swift in Sources */,
				B18FBE7D295A594C0045946C /* FeedUIIntegrationTests+Assertions.swift in Sources */,
				B18FBE68295A58BD0045946C /* FeedUIIntegrationTests.swift in Sources */,
				B18FBE77295A59270045946C /* ListViewController+TestHelpers.swift in Sources */,
				B18FBE71295A59020045946C /* UIButton+TestHelpers.swift in Sources */,
				B18FBE83295A59870045946C /* HTTPClientStub.swift in Sources */,
				B18FBE6D295A58E70045946C /* UIImage+TestHelpers.swift in Sources */,
				B18FBE79295A59340045946C /* FeedImageCell+TestHelpers.swift in Sources */,
				B18FBE64295A589C0045946C /* SceneDelegateTests.swift in Sources */,
			);
			runOnlyForDeploymentPostprocessing = 0;
		};
/* End PBXSourcesBuildPhase section */

/* Begin PBXTargetDependency section */
		B148128A295A502F00BAD997 /* PBXTargetDependency */ = {
			isa = PBXTargetDependency;
			target = B1481271295A502C00BAD997 /* EssentialApp */;
			targetProxy = B1481289295A502F00BAD997 /* PBXContainerItemProxy */;
		};
/* End PBXTargetDependency section */

/* Begin PBXVariantGroup section */
		B1481280295A502E00BAD997 /* LaunchScreen.storyboard */ = {
			isa = PBXVariantGroup;
			children = (
				B1481281295A502E00BAD997 /* Base */,
			);
			name = LaunchScreen.storyboard;
			sourceTree = "<group>";
		};
/* End PBXVariantGroup section */

/* Begin XCBuildConfiguration section */
		B148129A295A502F00BAD997 /* Debug */ = {
			isa = XCBuildConfiguration;
			buildSettings = {
				ALWAYS_SEARCH_USER_PATHS = NO;
				CLANG_ANALYZER_NONNULL = YES;
				CLANG_ANALYZER_NUMBER_OBJECT_CONVERSION = YES_AGGRESSIVE;
				CLANG_CXX_LANGUAGE_STANDARD = "gnu++20";
				CLANG_ENABLE_MODULES = YES;
				CLANG_ENABLE_OBJC_ARC = YES;
				CLANG_ENABLE_OBJC_WEAK = YES;
				CLANG_WARN_BLOCK_CAPTURE_AUTORELEASING = YES;
				CLANG_WARN_BOOL_CONVERSION = YES;
				CLANG_WARN_COMMA = YES;
				CLANG_WARN_CONSTANT_CONVERSION = YES;
				CLANG_WARN_DEPRECATED_OBJC_IMPLEMENTATIONS = YES;
				CLANG_WARN_DIRECT_OBJC_ISA_USAGE = YES_ERROR;
				CLANG_WARN_DOCUMENTATION_COMMENTS = YES;
				CLANG_WARN_EMPTY_BODY = YES;
				CLANG_WARN_ENUM_CONVERSION = YES;
				CLANG_WARN_INFINITE_RECURSION = YES;
				CLANG_WARN_INT_CONVERSION = YES;
				CLANG_WARN_NON_LITERAL_NULL_CONVERSION = YES;
				CLANG_WARN_OBJC_IMPLICIT_RETAIN_SELF = YES;
				CLANG_WARN_OBJC_LITERAL_CONVERSION = YES;
				CLANG_WARN_OBJC_ROOT_CLASS = YES_ERROR;
				CLANG_WARN_QUOTED_INCLUDE_IN_FRAMEWORK_HEADER = YES;
				CLANG_WARN_RANGE_LOOP_ANALYSIS = YES;
				CLANG_WARN_STRICT_PROTOTYPES = YES;
				CLANG_WARN_SUSPICIOUS_MOVE = YES;
				CLANG_WARN_UNGUARDED_AVAILABILITY = YES_AGGRESSIVE;
				CLANG_WARN_UNREACHABLE_CODE = YES;
				CLANG_WARN__DUPLICATE_METHOD_MATCH = YES;
				COPY_PHASE_STRIP = NO;
				DEBUG_INFORMATION_FORMAT = dwarf;
				ENABLE_STRICT_OBJC_MSGSEND = YES;
				ENABLE_TESTABILITY = YES;
				GCC_C_LANGUAGE_STANDARD = gnu11;
				GCC_DYNAMIC_NO_PIC = NO;
				GCC_NO_COMMON_BLOCKS = YES;
				GCC_OPTIMIZATION_LEVEL = 0;
				GCC_PREPROCESSOR_DEFINITIONS = (
					"DEBUG=1",
					"$(inherited)",
				);
				GCC_WARN_64_TO_32_BIT_CONVERSION = YES;
				GCC_WARN_ABOUT_RETURN_TYPE = YES_ERROR;
				GCC_WARN_UNDECLARED_SELECTOR = YES;
				GCC_WARN_UNINITIALIZED_AUTOS = YES_AGGRESSIVE;
				GCC_WARN_UNUSED_FUNCTION = YES;
				GCC_WARN_UNUSED_VARIABLE = YES;
				IPHONEOS_DEPLOYMENT_TARGET = 16.0;
				MTL_ENABLE_DEBUG_INFO = INCLUDE_SOURCE;
				MTL_FAST_MATH = YES;
				ONLY_ACTIVE_ARCH = YES;
				SDKROOT = iphoneos;
				SWIFT_ACTIVE_COMPILATION_CONDITIONS = DEBUG;
				SWIFT_OPTIMIZATION_LEVEL = "-Onone";
			};
			name = Debug;
		};
		B148129B295A502F00BAD997 /* Release */ = {
			isa = XCBuildConfiguration;
			buildSettings = {
				ALWAYS_SEARCH_USER_PATHS = NO;
				CLANG_ANALYZER_NONNULL = YES;
				CLANG_ANALYZER_NUMBER_OBJECT_CONVERSION = YES_AGGRESSIVE;
				CLANG_CXX_LANGUAGE_STANDARD = "gnu++20";
				CLANG_ENABLE_MODULES = YES;
				CLANG_ENABLE_OBJC_ARC = YES;
				CLANG_ENABLE_OBJC_WEAK = YES;
				CLANG_WARN_BLOCK_CAPTURE_AUTORELEASING = YES;
				CLANG_WARN_BOOL_CONVERSION = YES;
				CLANG_WARN_COMMA = YES;
				CLANG_WARN_CONSTANT_CONVERSION = YES;
				CLANG_WARN_DEPRECATED_OBJC_IMPLEMENTATIONS = YES;
				CLANG_WARN_DIRECT_OBJC_ISA_USAGE = YES_ERROR;
				CLANG_WARN_DOCUMENTATION_COMMENTS = YES;
				CLANG_WARN_EMPTY_BODY = YES;
				CLANG_WARN_ENUM_CONVERSION = YES;
				CLANG_WARN_INFINITE_RECURSION = YES;
				CLANG_WARN_INT_CONVERSION = YES;
				CLANG_WARN_NON_LITERAL_NULL_CONVERSION = YES;
				CLANG_WARN_OBJC_IMPLICIT_RETAIN_SELF = YES;
				CLANG_WARN_OBJC_LITERAL_CONVERSION = YES;
				CLANG_WARN_OBJC_ROOT_CLASS = YES_ERROR;
				CLANG_WARN_QUOTED_INCLUDE_IN_FRAMEWORK_HEADER = YES;
				CLANG_WARN_RANGE_LOOP_ANALYSIS = YES;
				CLANG_WARN_STRICT_PROTOTYPES = YES;
				CLANG_WARN_SUSPICIOUS_MOVE = YES;
				CLANG_WARN_UNGUARDED_AVAILABILITY = YES_AGGRESSIVE;
				CLANG_WARN_UNREACHABLE_CODE = YES;
				CLANG_WARN__DUPLICATE_METHOD_MATCH = YES;
				COPY_PHASE_STRIP = NO;
				DEBUG_INFORMATION_FORMAT = "dwarf-with-dsym";
				ENABLE_NS_ASSERTIONS = NO;
				ENABLE_STRICT_OBJC_MSGSEND = YES;
				GCC_C_LANGUAGE_STANDARD = gnu11;
				GCC_NO_COMMON_BLOCKS = YES;
				GCC_WARN_64_TO_32_BIT_CONVERSION = YES;
				GCC_WARN_ABOUT_RETURN_TYPE = YES_ERROR;
				GCC_WARN_UNDECLARED_SELECTOR = YES;
				GCC_WARN_UNINITIALIZED_AUTOS = YES_AGGRESSIVE;
				GCC_WARN_UNUSED_FUNCTION = YES;
				GCC_WARN_UNUSED_VARIABLE = YES;
				IPHONEOS_DEPLOYMENT_TARGET = 16.0;
				MTL_ENABLE_DEBUG_INFO = NO;
				MTL_FAST_MATH = YES;
				SDKROOT = iphoneos;
				SWIFT_COMPILATION_MODE = wholemodule;
				SWIFT_OPTIMIZATION_LEVEL = "-O";
				VALIDATE_PRODUCT = YES;
			};
			name = Release;
		};
		B148129D295A502F00BAD997 /* Debug */ = {
			isa = XCBuildConfiguration;
			buildSettings = {
				ASSETCATALOG_COMPILER_APPICON_NAME = AppIcon;
				ASSETCATALOG_COMPILER_GLOBAL_ACCENT_COLOR_NAME = AccentColor;
				CODE_SIGN_STYLE = Automatic;
				CURRENT_PROJECT_VERSION = 1;
				DEVELOPMENT_TEAM = Y487CY958A;
				GENERATE_INFOPLIST_FILE = YES;
				INFOPLIST_FILE = EssentialApp/Info.plist;
				INFOPLIST_KEY_UIApplicationSupportsIndirectInputEvents = YES;
				INFOPLIST_KEY_UILaunchStoryboardName = LaunchScreen.storyboard;
				INFOPLIST_KEY_UISupportedInterfaceOrientations_iPad = "UIInterfaceOrientationPortrait UIInterfaceOrientationPortraitUpsideDown UIInterfaceOrientationLandscapeLeft UIInterfaceOrientationLandscapeRight";
				INFOPLIST_KEY_UISupportedInterfaceOrientations_iPhone = "UIInterfaceOrientationPortrait UIInterfaceOrientationLandscapeLeft UIInterfaceOrientationLandscapeRight";
				LD_RUNPATH_SEARCH_PATHS = (
					"$(inherited)",
					"@executable_path/Frameworks",
				);
				MARKETING_VERSION = 1.0;
				PRODUCT_BUNDLE_IDENTIFIER = PaoloProdossimoLopes.EssentialApp;
				PRODUCT_NAME = "$(TARGET_NAME)";
				SWIFT_EMIT_LOC_STRINGS = YES;
				SWIFT_VERSION = 5.0;
				TARGETED_DEVICE_FAMILY = "1,2";
			};
			name = Debug;
		};
		B148129E295A502F00BAD997 /* Release */ = {
			isa = XCBuildConfiguration;
			buildSettings = {
				ASSETCATALOG_COMPILER_APPICON_NAME = AppIcon;
				ASSETCATALOG_COMPILER_GLOBAL_ACCENT_COLOR_NAME = AccentColor;
				CODE_SIGN_STYLE = Automatic;
				CURRENT_PROJECT_VERSION = 1;
				DEVELOPMENT_TEAM = Y487CY958A;
				GENERATE_INFOPLIST_FILE = YES;
				INFOPLIST_FILE = EssentialApp/Info.plist;
				INFOPLIST_KEY_UIApplicationSupportsIndirectInputEvents = YES;
				INFOPLIST_KEY_UILaunchStoryboardName = LaunchScreen.storyboard;
				INFOPLIST_KEY_UISupportedInterfaceOrientations_iPad = "UIInterfaceOrientationPortrait UIInterfaceOrientationPortraitUpsideDown UIInterfaceOrientationLandscapeLeft UIInterfaceOrientationLandscapeRight";
				INFOPLIST_KEY_UISupportedInterfaceOrientations_iPhone = "UIInterfaceOrientationPortrait UIInterfaceOrientationLandscapeLeft UIInterfaceOrientationLandscapeRight";
				LD_RUNPATH_SEARCH_PATHS = (
					"$(inherited)",
					"@executable_path/Frameworks",
				);
				MARKETING_VERSION = 1.0;
				PRODUCT_BUNDLE_IDENTIFIER = PaoloProdossimoLopes.EssentialApp;
				PRODUCT_NAME = "$(TARGET_NAME)";
				SWIFT_EMIT_LOC_STRINGS = YES;
				SWIFT_VERSION = 5.0;
				TARGETED_DEVICE_FAMILY = "1,2";
			};
			name = Release;
		};
		B14812A0295A502F00BAD997 /* Debug */ = {
			isa = XCBuildConfiguration;
			buildSettings = {
				ALWAYS_EMBED_SWIFT_STANDARD_LIBRARIES = YES;
				BUNDLE_LOADER = "$(TEST_HOST)";
				CLANG_ENABLE_MODULES = YES;
				CODE_SIGN_STYLE = Automatic;
				CURRENT_PROJECT_VERSION = 1;
				DEVELOPMENT_TEAM = Y487CY958A;
				GENERATE_INFOPLIST_FILE = YES;
				IPHONEOS_DEPLOYMENT_TARGET = 16.0;
				LD_RUNPATH_SEARCH_PATHS = (
					"$(inherited)",
					"@executable_path/Frameworks",
					"@loader_path/Frameworks",
				);
				MARKETING_VERSION = 1.0;
				PRODUCT_BUNDLE_IDENTIFIER = PaoloProdossimoLopes.EssentialAppTests;
				PRODUCT_NAME = "$(TARGET_NAME)";
				SWIFT_EMIT_LOC_STRINGS = NO;
				SWIFT_OPTIMIZATION_LEVEL = "-Onone";
				SWIFT_VERSION = 5.0;
				TARGETED_DEVICE_FAMILY = "1,2";
				TEST_HOST = "$(BUILT_PRODUCTS_DIR)/EssentialApp.app/$(BUNDLE_EXECUTABLE_FOLDER_PATH)/EssentialApp";
			};
			name = Debug;
		};
		B14812A1295A502F00BAD997 /* Release */ = {
			isa = XCBuildConfiguration;
			buildSettings = {
				ALWAYS_EMBED_SWIFT_STANDARD_LIBRARIES = YES;
				BUNDLE_LOADER = "$(TEST_HOST)";
				CLANG_ENABLE_MODULES = YES;
				CODE_SIGN_STYLE = Automatic;
				CURRENT_PROJECT_VERSION = 1;
				DEVELOPMENT_TEAM = Y487CY958A;
				GENERATE_INFOPLIST_FILE = YES;
				IPHONEOS_DEPLOYMENT_TARGET = 16.0;
				LD_RUNPATH_SEARCH_PATHS = (
					"$(inherited)",
					"@executable_path/Frameworks",
					"@loader_path/Frameworks",
				);
				MARKETING_VERSION = 1.0;
				PRODUCT_BUNDLE_IDENTIFIER = PaoloProdossimoLopes.EssentialAppTests;
				PRODUCT_NAME = "$(TARGET_NAME)";
				SWIFT_EMIT_LOC_STRINGS = NO;
				SWIFT_VERSION = 5.0;
				TARGETED_DEVICE_FAMILY = "1,2";
				TEST_HOST = "$(BUILT_PRODUCTS_DIR)/EssentialApp.app/$(BUNDLE_EXECUTABLE_FOLDER_PATH)/EssentialApp";
			};
			name = Release;
		};
/* End XCBuildConfiguration section */

/* Begin XCConfigurationList section */
		B148126D295A502C00BAD997 /* Build configuration list for PBXProject "EssentialApp" */ = {
			isa = XCConfigurationList;
			buildConfigurations = (
				B148129A295A502F00BAD997 /* Debug */,
				B148129B295A502F00BAD997 /* Release */,
			);
			defaultConfigurationIsVisible = 0;
			defaultConfigurationName = Release;
		};
		B148129C295A502F00BAD997 /* Build configuration list for PBXNativeTarget "EssentialApp" */ = {
			isa = XCConfigurationList;
			buildConfigurations = (
				B148129D295A502F00BAD997 /* Debug */,
				B148129E295A502F00BAD997 /* Release */,
			);
			defaultConfigurationIsVisible = 0;
			defaultConfigurationName = Release;
		};
		B148129F295A502F00BAD997 /* Build configuration list for PBXNativeTarget "EssentialAppTests" */ = {
			isa = XCConfigurationList;
			buildConfigurations = (
				B14812A0295A502F00BAD997 /* Debug */,
				B14812A1295A502F00BAD997 /* Release */,
			);
			defaultConfigurationIsVisible = 0;
			defaultConfigurationName = Release;
		};
/* End XCConfigurationList section */
	};
	rootObject = B148126A295A502C00BAD997 /* Project object */;
}
